
Microsoft Visual Studio Solution File, Format Version 12.00
# Visual Studio Version 17
VisualStudioVersion = 17.8.34004.107
MinimumVisualStudioVersion = 10.0.40219.1
Project("{FAE04EC0-301F-11D3-BF4B-00C04F79EFBC}") = "Course01", "Course01.csproj", "{2C151C64-B26B-4135-8606-026422AD2364}"
EndProject
Global
	GlobalSection(SolutionConfigurationPlatforms) = preSolution
		Debug|Any CPU = Debug|Any CPU
		Release|Any CPU = Release|Any CPU
	EndGlobalSection
	GlobalSection(ProjectConfigurationPlatforms) = postSolution
		{2C151C64-B26B-4135-8606-026422AD2364}.Debug|Any CPU.ActiveCfg = Debug|Any CPU
		{2C151C64-B26B-4135-8606-026422AD2364}.Debug|Any CPU.Build.0 = Debug|Any CPU
		{2C151C64-B26B-4135-8606-026422AD2364}.Release|Any CPU.ActiveCfg = Release|Any CPU
		{2C151C64-B26B-4135-8606-026422AD2364}.Release|Any CPU.Build.0 = Release|Any CPU
	EndGlobalSection
	GlobalSection(SolutionProperties) = preSolution
		HideSolutionNode = FALSE
	EndGlobalSection
	GlobalSection(ExtensibilityGlobals) = postSolution
		SolutionGuid = {A778EF9F-075A-41A1-8590-6219056898CE}
	EndGlobalSection
EndGlobal
